{
  "originHash" : "c8f356a4219b0208dfe1b05617c54d7c607ac7c044bed8ae0681672c42c2e182",
  "pins" : [
    {
      "identity" : "solanakit.swift",
      "kind" : "remoteSourceControl",
      "location" : "https://github.com/The-SolShare-Team/SolanaKit.swift",
      "state" : {
        "revision" : "0edfdb6701cb785557fc909b4e4ccb9497307942",
        "version" : "0.0.4"
      }
    },
    {
      "identity" : "tweetnacl-swiftwrap",
      "kind" : "remoteSourceControl",
      "location" : "https://github.com/bitmark-inc/tweetnacl-swiftwrap",
      "state" : {
        "revision" : "f8fd111642bf2336b11ef9ea828510693106e954",
        "version" : "1.1.0"
      }
    }
  ],
  "version" : 3
}
