{
  "originHash" : "6770c248c7e9764f099668f8501a7a484fb06560541ea794b90a682eb8723fa5",
  "pins" : [
    {
      "identity" : "solanakit.swift",
      "kind" : "remoteSourceControl",
      "location" : "https://github.com/The-SolShare-Team/SolanaKit.swift",
      "state" : {
        "revision" : "0edfdb6701cb785557fc909b4e4ccb9497307942",
        "version" : "0.0.4"
      }
    }
  ],
  "version" : 3
}
